
Microsoft Visual Studio Solution File, Format Version 12.00
# Visual Studio Version 17
VisualStudioVersion = 17.1.32210.238
MinimumVisualStudioVersion = 10.0.40219.1
Project("{FAE04EC0-301F-11D3-BF4B-00C04F79EFBC}") = "WpfApp3", "WpfApp3.csproj", "{AC983839-5D3B-41F0-A80B-095E09A33F62}"
EndProject
Global
	GlobalSection(SolutionConfigurationPlatforms) = preSolution
		Debug|Any CPU = Debug|Any CPU
		Release|Any CPU = Release|Any CPU
	EndGlobalSection
	GlobalSection(ProjectConfigurationPlatforms) = postSolution
		{AC983839-5D3B-41F0-A80B-095E09A33F62}.Debug|Any CPU.ActiveCfg = Debug|Any CPU
		{AC983839-5D3B-41F0-A80B-095E09A33F62}.Debug|Any CPU.Build.0 = Debug|Any CPU
		{AC983839-5D3B-41F0-A80B-095E09A33F62}.Release|Any CPU.ActiveCfg = Release|Any CPU
		{AC983839-5D3B-41F0-A80B-095E09A33F62}.Release|Any CPU.Build.0 = Release|Any CPU
	EndGlobalSection
	GlobalSection(SolutionProperties) = preSolution
		HideSolutionNode = FALSE
	EndGlobalSection
	GlobalSection(ExtensibilityGlobals) = postSolution
		SolutionGuid = {A20EAB11-85B2-47E6-94DD-6CA7F744348E}
	EndGlobalSection
EndGlobal
